
Microsoft Visual Studio Solution File, Format Version 12.00
# Visual Studio 15
VisualStudioVersion = 15.0.28307.438
MinimumVisualStudioVersion = 10.0.40219.1
Project("{FAE04EC0-301F-11D3-BF4B-00C04F79EFBC}") = "Controls", "Controls\Controls.csproj", "{496E92B4-01EE-4713-989E-4007EC120040}"
EndProject
Global
	GlobalSection(SolutionConfigurationPlatforms) = preSolution
		Debug|Any CPU = Debug|Any CPU
		Release|Any CPU = Release|Any CPU
	EndGlobalSection
	GlobalSection(ProjectConfigurationPlatforms) = postSolution
		{496E92B4-01EE-4713-989E-4007EC120040}.Debug|Any CPU.ActiveCfg = Debug|Any CPU
		{496E92B4-01EE-4713-989E-4007EC120040}.Debug|Any CPU.Build.0 = Debug|Any CPU
		{496E92B4-01EE-4713-989E-4007EC120040}.Release|Any CPU.ActiveCfg = Release|Any CPU
		{496E92B4-01EE-4713-989E-4007EC120040}.Release|Any CPU.Build.0 = Release|Any CPU
	EndGlobalSection
	GlobalSection(SolutionProperties) = preSolution
		HideSolutionNode = FALSE
	EndGlobalSection
	GlobalSection(ExtensibilityGlobals) = postSolution
		SolutionGuid = {79748B37-7DC1-4735-9BBD-CE3F8E91DAB1}
	EndGlobalSection
EndGlobal
